
Microsoft Visual Studio Solution File, Format Version 12.00
# Visual Studio Version 16
VisualStudioVersion = 16.0.32901.82
MinimumVisualStudioVersion = 10.0.40219.1
Project("{8BC9CEB8-8B4A-11D0-8D11-00A0C91BC942}") = "Mandelbrot set", "Mandelbrot set.vcxproj", "{688AC2CC-3FD5-490D-AA4D-897F08C15840}"
EndProject
Global
	GlobalSection(SolutionConfigurationPlatforms) = preSolution
		Debug|x64 = Debug|x64
		Debug|x86 = Debug|x86
		Release|x64 = Release|x64
		Release|x86 = Release|x86
	EndGlobalSection
	GlobalSection(ProjectConfigurationPlatforms) = postSolution
		{688AC2CC-3FD5-490D-AA4D-897F08C15840}.Debug|x64.ActiveCfg = Debug|x64
		{688AC2CC-3FD5-490D-AA4D-897F08C15840}.Debug|x64.Build.0 = Debug|x64
		{688AC2CC-3FD5-490D-AA4D-897F08C15840}.Debug|x86.ActiveCfg = Debug|Win32
		{688AC2CC-3FD5-490D-AA4D-897F08C15840}.Debug|x86.Build.0 = Debug|Win32
		{688AC2CC-3FD5-490D-AA4D-897F08C15840}.Release|x64.ActiveCfg = Release|x64
		{688AC2CC-3FD5-490D-AA4D-897F08C15840}.Release|x64.Build.0 = Release|x64
		{688AC2CC-3FD5-490D-AA4D-897F08C15840}.Release|x86.ActiveCfg = Release|Win32
		{688AC2CC-3FD5-490D-AA4D-897F08C15840}.Release|x86.Build.0 = Release|Win32
	EndGlobalSection
	GlobalSection(SolutionProperties) = preSolution
		HideSolutionNode = FALSE
	EndGlobalSection
	GlobalSection(ExtensibilityGlobals) = postSolution
		SolutionGuid = {F762E375-8642-4AD4-9C27-FE8D36DFFD58}
	EndGlobalSection
EndGlobal
